
Microsoft Visual Studio Solution File, Format Version 12.00
# Visual Studio Version 17
VisualStudioVersion = 17.14.36401.2
MinimumVisualStudioVersion = 10.0.40219.1
Project("{2150E333-8FDC-42A3-9474-1A3956D46DE8}") = "08", "08", "{02EA681E-C7D8-13C7-8484-4AC65E1B71E8}"
EndProject
Project("{2150E333-8FDC-42A3-9474-1A3956D46DE8}") = "Abstraction", "Abstraction", "{7F3E4E3B-90C1-4DB9-98DD-DCCAE288F711}"
EndProject
Project("{2150E333-8FDC-42A3-9474-1A3956D46DE8}") = "CohesionCoupling", "CohesionCoupling", "{E230D345-424F-422E-BE13-3483F0C1BE86}"
EndProject
Project("{2150E333-8FDC-42A3-9474-1A3956D46DE8}") = "InheritancePolymorphism", "InheritancePolymorphism", "{07217312-AE6D-41E9-B6EA-20859E47EAE6}"
EndProject
Project("{FAE04EC0-301F-11D3-BF4B-00C04F79EFBC}") = "Abstraction", "Abstraction\Abstraction.csproj", "{CD1A926B-A7CB-4B82-95E8-DEE9BF214953}"
EndProject
Project("{FAE04EC0-301F-11D3-BF4B-00C04F79EFBC}") = "CohesionCoupling", "CohesionCoupling\CohesionCoupling.csproj", "{20910D83-B8FE-4CDF-A6DC-21C0651A306E}"
EndProject
Project("{FAE04EC0-301F-11D3-BF4B-00C04F79EFBC}") = "InheritanceAndPolymorphism", "Inheritance-and-Polymorphism\InheritanceAndPolymorphism.csproj", "{4AECEF94-FB33-4BCF-82B5-C08F74BD7495}"
EndProject
Project("{2150E333-8FDC-42A3-9474-1A3956D46DE8}") = "HQC", "HQC", "{11882538-83FB-41D3-BC71-5AE832C68B5D}"
EndProject
Project("{2150E333-8FDC-42A3-9474-1A3956D46DE8}") = "07", "07", "{D51A526C-6101-4C5F-8F93-CF9BD5A73FB5}"
EndProject
Project("{2150E333-8FDC-42A3-9474-1A3956D46DE8}") = "Methods", "Methods", "{8EF4F22F-FE7C-4862-8813-AA206244D313}"
EndProject
Project("{FAE04EC0-301F-11D3-BF4B-00C04F79EFBC}") = "Methods", "Methods\Methods.csproj", "{6260F58A-5872-EFA1-9B93-B4358B60434D}"
EndProject
Project("{2150E333-8FDC-42A3-9474-1A3956D46DE8}") = "09", "09", "{B76CA1C6-E586-42F5-8731-AB39CCE5015B}"
EndProject
Project("{2150E333-8FDC-42A3-9474-1A3956D46DE8}") = "Assertions", "Assertions", "{4FD3FB56-DC71-43F7-8C49-0CF00EB312D7}"
EndProject
Project("{2150E333-8FDC-42A3-9474-1A3956D46DE8}") = "06", "06", "{674753FD-7523-4F4A-936C-5783E1B72503}"
EndProject
Project("{FAE04EC0-301F-11D3-BF4B-00C04F79EFBC}") = "Ex6.01", "ControlFlowStatementsLoops\Ex6.01\Ex6.01.csproj", "{66D2937B-F318-25D8-1CD2-F2948A54BB5C}"
EndProject
Project("{FAE04EC0-301F-11D3-BF4B-00C04F79EFBC}") = "Ex6.02", "ControlFlowStatementsLoops\Ex6.02\Ex6.02.csproj", "{E0DBD0C6-9C22-BFD7-7B9C-DDCB93AF4382}"
EndProject
Project("{FAE04EC0-301F-11D3-BF4B-00C04F79EFBC}") = "Ex6.03", "ControlFlowStatementsLoops\Ex6.03\Ex6.03.csproj", "{3CAE57C0-6F7D-11CC-0606-DDED74E139BE}"
EndProject
Project("{2150E333-8FDC-42A3-9474-1A3956D46DE8}") = "Exceptions", "Exceptions", "{F987C6BD-6AB3-4AB0-B437-CC8DF3712D92}"
EndProject
Project("{FAE04EC0-301F-11D3-BF4B-00C04F79EFBC}") = "Assertions", "Assertions\Assertions-Homework\Assertions.csproj", "{57048BA3-0AEB-B213-B249-55194CCAD53F}"
EndProject
Project("{FAE04EC0-301F-11D3-BF4B-00C04F79EFBC}") = "Exceptions", "..\..\..\tempExercises\tempHomewrok\Exceptions\Exceptions.csproj", "{D3577999-551D-3BB9-6EF0-276F327FF952}"
EndProject
Project("{2150E333-8FDC-42A3-9474-1A3956D46DE8}") = "10", "10", "{840085D6-AB07-4C74-A4D6-BBE26C976F92}"
EndProject
Project("{2150E333-8FDC-42A3-9474-1A3956D46DE8}") = "CodeTuning", "CodeTuning", "{E289952D-0E38-4C64-8F3C-F55D74AE8A8D}"
EndProject
Project("{FAE04EC0-301F-11D3-BF4B-00C04F79EFBC}") = "CodeTuning-TASK3", "CodeTuning-TASK3\CodeTuning-TASK3.csproj", "{E092D6A2-CFE1-449F-91FE-1CC60A62844A}"
EndProject
Project("{FAE04EC0-301F-11D3-BF4B-00C04F79EFBC}") = "CodeTuning-TASK4", "CodeTuning-TASK4\CodeTuning-TASK4.csproj", "{1F52899F-C9FB-4440-A480-3D7D367A5C57}"
EndProject
Project("{2150E333-8FDC-42A3-9474-1A3956D46DE8}") = "11", "11", "{9F815416-6772-4D1F-AF86-0EB4DD5AA508}"
EndProject
Project("{2150E333-8FDC-42A3-9474-1A3956D46DE8}") = "Refactoring", "Refactoring", "{8B18E6D9-2B87-48F0-BF1D-DA0CF48AB39E}"
EndProject
Project("{FAE04EC0-301F-11D3-BF4B-00C04F79EFBC}") = "Refactoring", "Refactoring\Refactoring.csproj", "{E935EC5C-E112-E60E-6B26-A1950FCDD40A}"
EndProject
Project("{FAE04EC0-301F-11D3-BF4B-00C04F79EFBC}") = "CodeTuning-TASK2", "CodeTuning-TASK2\CodeTuning-TASK2.csproj", "{D90D20F9-33E7-8A6B-462C-F1E5FEABA2DC}"
EndProject
Global
	GlobalSection(SolutionConfigurationPlatforms) = preSolution
		Debug|Any CPU = Debug|Any CPU
		Release|Any CPU = Release|Any CPU
	EndGlobalSection
	GlobalSection(ProjectConfigurationPlatforms) = postSolution
		{CD1A926B-A7CB-4B82-95E8-DEE9BF214953}.Debug|Any CPU.ActiveCfg = Debug|Any CPU
		{CD1A926B-A7CB-4B82-95E8-DEE9BF214953}.Debug|Any CPU.Build.0 = Debug|Any CPU
		{CD1A926B-A7CB-4B82-95E8-DEE9BF214953}.Release|Any CPU.ActiveCfg = Release|Any CPU
		{CD1A926B-A7CB-4B82-95E8-DEE9BF214953}.Release|Any CPU.Build.0 = Release|Any CPU
		{20910D83-B8FE-4CDF-A6DC-21C0651A306E}.Debug|Any CPU.ActiveCfg = Debug|Any CPU
		{20910D83-B8FE-4CDF-A6DC-21C0651A306E}.Debug|Any CPU.Build.0 = Debug|Any CPU
		{20910D83-B8FE-4CDF-A6DC-21C0651A306E}.Release|Any CPU.ActiveCfg = Release|Any CPU
		{20910D83-B8FE-4CDF-A6DC-21C0651A306E}.Release|Any CPU.Build.0 = Release|Any CPU
		{4AECEF94-FB33-4BCF-82B5-C08F74BD7495}.Debug|Any CPU.ActiveCfg = Debug|Any CPU
		{4AECEF94-FB33-4BCF-82B5-C08F74BD7495}.Debug|Any CPU.Build.0 = Debug|Any CPU
		{4AECEF94-FB33-4BCF-82B5-C08F74BD7495}.Release|Any CPU.ActiveCfg = Release|Any CPU
		{4AECEF94-FB33-4BCF-82B5-C08F74BD7495}.Release|Any CPU.Build.0 = Release|Any CPU
		{6260F58A-5872-EFA1-9B93-B4358B60434D}.Debug|Any CPU.ActiveCfg = Debug|Any CPU
		{6260F58A-5872-EFA1-9B93-B4358B60434D}.Debug|Any CPU.Build.0 = Debug|Any CPU
		{6260F58A-5872-EFA1-9B93-B4358B60434D}.Release|Any CPU.ActiveCfg = Release|Any CPU
		{6260F58A-5872-EFA1-9B93-B4358B60434D}.Release|Any CPU.Build.0 = Release|Any CPU
		{66D2937B-F318-25D8-1CD2-F2948A54BB5C}.Debug|Any CPU.ActiveCfg = Debug|Any CPU
		{66D2937B-F318-25D8-1CD2-F2948A54BB5C}.Debug|Any CPU.Build.0 = Debug|Any CPU
		{66D2937B-F318-25D8-1CD2-F2948A54BB5C}.Release|Any CPU.ActiveCfg = Release|Any CPU
		{66D2937B-F318-25D8-1CD2-F2948A54BB5C}.Release|Any CPU.Build.0 = Release|Any CPU
		{E0DBD0C6-9C22-BFD7-7B9C-DDCB93AF4382}.Debug|Any CPU.ActiveCfg = Debug|Any CPU
		{E0DBD0C6-9C22-BFD7-7B9C-DDCB93AF4382}.Debug|Any CPU.Build.0 = Debug|Any CPU
		{E0DBD0C6-9C22-BFD7-7B9C-DDCB93AF4382}.Release|Any CPU.ActiveCfg = Release|Any CPU
		{E0DBD0C6-9C22-BFD7-7B9C-DDCB93AF4382}.Release|Any CPU.Build.0 = Release|Any CPU
		{3CAE57C0-6F7D-11CC-0606-DDED74E139BE}.Debug|Any CPU.ActiveCfg = Debug|Any CPU
		{3CAE57C0-6F7D-11CC-0606-DDED74E139BE}.Debug|Any CPU.Build.0 = Debug|Any CPU
		{3CAE57C0-6F7D-11CC-0606-DDED74E139BE}.Release|Any CPU.ActiveCfg = Release|Any CPU
		{3CAE57C0-6F7D-11CC-0606-DDED74E139BE}.Release|Any CPU.Build.0 = Release|Any CPU
		{57048BA3-0AEB-B213-B249-55194CCAD53F}.Debug|Any CPU.ActiveCfg = Debug|Any CPU
		{57048BA3-0AEB-B213-B249-55194CCAD53F}.Debug|Any CPU.Build.0 = Debug|Any CPU
		{57048BA3-0AEB-B213-B249-55194CCAD53F}.Release|Any CPU.ActiveCfg = Release|Any CPU
		{57048BA3-0AEB-B213-B249-55194CCAD53F}.Release|Any CPU.Build.0 = Release|Any CPU
		{D3577999-551D-3BB9-6EF0-276F327FF952}.Debug|Any CPU.ActiveCfg = Debug|Any CPU
		{D3577999-551D-3BB9-6EF0-276F327FF952}.Debug|Any CPU.Build.0 = Debug|Any CPU
		{D3577999-551D-3BB9-6EF0-276F327FF952}.Release|Any CPU.ActiveCfg = Release|Any CPU
		{D3577999-551D-3BB9-6EF0-276F327FF952}.Release|Any CPU.Build.0 = Release|Any CPU
		{E092D6A2-CFE1-449F-91FE-1CC60A62844A}.Debug|Any CPU.ActiveCfg = Debug|Any CPU
		{E092D6A2-CFE1-449F-91FE-1CC60A62844A}.Debug|Any CPU.Build.0 = Debug|Any CPU
		{E092D6A2-CFE1-449F-91FE-1CC60A62844A}.Release|Any CPU.ActiveCfg = Release|Any CPU
		{E092D6A2-CFE1-449F-91FE-1CC60A62844A}.Release|Any CPU.Build.0 = Release|Any CPU
		{1F52899F-C9FB-4440-A480-3D7D367A5C57}.Debug|Any CPU.ActiveCfg = Debug|Any CPU
		{1F52899F-C9FB-4440-A480-3D7D367A5C57}.Debug|Any CPU.Build.0 = Debug|Any CPU
		{1F52899F-C9FB-4440-A480-3D7D367A5C57}.Release|Any CPU.ActiveCfg = Release|Any CPU
		{1F52899F-C9FB-4440-A480-3D7D367A5C57}.Release|Any CPU.Build.0 = Release|Any CPU
		{E935EC5C-E112-E60E-6B26-A1950FCDD40A}.Debug|Any CPU.ActiveCfg = Debug|Any CPU
		{E935EC5C-E112-E60E-6B26-A1950FCDD40A}.Debug|Any CPU.Build.0 = Debug|Any CPU
		{E935EC5C-E112-E60E-6B26-A1950FCDD40A}.Release|Any CPU.ActiveCfg = Release|Any CPU
		{E935EC5C-E112-E60E-6B26-A1950FCDD40A}.Release|Any CPU.Build.0 = Release|Any CPU
		{D90D20F9-33E7-8A6B-462C-F1E5FEABA2DC}.Debug|Any CPU.ActiveCfg = Debug|Any CPU
		{D90D20F9-33E7-8A6B-462C-F1E5FEABA2DC}.Debug|Any CPU.Build.0 = Debug|Any CPU
		{D90D20F9-33E7-8A6B-462C-F1E5FEABA2DC}.Release|Any CPU.ActiveCfg = Release|Any CPU
		{D90D20F9-33E7-8A6B-462C-F1E5FEABA2DC}.Release|Any CPU.Build.0 = Release|Any CPU
	EndGlobalSection
	GlobalSection(SolutionProperties) = preSolution
		HideSolutionNode = FALSE
	EndGlobalSection
	GlobalSection(NestedProjects) = preSolution
		{7F3E4E3B-90C1-4DB9-98DD-DCCAE288F711} = {02EA681E-C7D8-13C7-8484-4AC65E1B71E8}
		{E230D345-424F-422E-BE13-3483F0C1BE86} = {02EA681E-C7D8-13C7-8484-4AC65E1B71E8}
		{07217312-AE6D-41E9-B6EA-20859E47EAE6} = {02EA681E-C7D8-13C7-8484-4AC65E1B71E8}
		{CD1A926B-A7CB-4B82-95E8-DEE9BF214953} = {7F3E4E3B-90C1-4DB9-98DD-DCCAE288F711}
		{20910D83-B8FE-4CDF-A6DC-21C0651A306E} = {E230D345-424F-422E-BE13-3483F0C1BE86}
		{4AECEF94-FB33-4BCF-82B5-C08F74BD7495} = {07217312-AE6D-41E9-B6EA-20859E47EAE6}
		{8EF4F22F-FE7C-4862-8813-AA206244D313} = {D51A526C-6101-4C5F-8F93-CF9BD5A73FB5}
		{6260F58A-5872-EFA1-9B93-B4358B60434D} = {8EF4F22F-FE7C-4862-8813-AA206244D313}
		{4FD3FB56-DC71-43F7-8C49-0CF00EB312D7} = {B76CA1C6-E586-42F5-8731-AB39CCE5015B}
		{66D2937B-F318-25D8-1CD2-F2948A54BB5C} = {674753FD-7523-4F4A-936C-5783E1B72503}
		{E0DBD0C6-9C22-BFD7-7B9C-DDCB93AF4382} = {674753FD-7523-4F4A-936C-5783E1B72503}
		{3CAE57C0-6F7D-11CC-0606-DDED74E139BE} = {674753FD-7523-4F4A-936C-5783E1B72503}
		{F987C6BD-6AB3-4AB0-B437-CC8DF3712D92} = {B76CA1C6-E586-42F5-8731-AB39CCE5015B}
		{57048BA3-0AEB-B213-B249-55194CCAD53F} = {4FD3FB56-DC71-43F7-8C49-0CF00EB312D7}
		{D3577999-551D-3BB9-6EF0-276F327FF952} = {F987C6BD-6AB3-4AB0-B437-CC8DF3712D92}
		{E289952D-0E38-4C64-8F3C-F55D74AE8A8D} = {840085D6-AB07-4C74-A4D6-BBE26C976F92}
		{E092D6A2-CFE1-449F-91FE-1CC60A62844A} = {E289952D-0E38-4C64-8F3C-F55D74AE8A8D}
		{1F52899F-C9FB-4440-A480-3D7D367A5C57} = {E289952D-0E38-4C64-8F3C-F55D74AE8A8D}
		{8B18E6D9-2B87-48F0-BF1D-DA0CF48AB39E} = {9F815416-6772-4D1F-AF86-0EB4DD5AA508}
		{E935EC5C-E112-E60E-6B26-A1950FCDD40A} = {8B18E6D9-2B87-48F0-BF1D-DA0CF48AB39E}
		{D90D20F9-33E7-8A6B-462C-F1E5FEABA2DC} = {E289952D-0E38-4C64-8F3C-F55D74AE8A8D}
	EndGlobalSection
	GlobalSection(ExtensibilityGlobals) = postSolution
		SolutionGuid = {88B45A37-A9B1-42F8-9CEF-8BA2E6561CB7}
	EndGlobalSection
EndGlobal
