
Microsoft Visual Studio Solution File, Format Version 12.00
# Visual Studio Version 17
VisualStudioVersion = 17.14.36401.2 d17.14
MinimumVisualStudioVersion = 10.0.40219.1
Project("{FAE04EC0-301F-11D3-BF4B-00C04F79EFBC}") = "homeworkNew", "homeworkNew.csproj", "{7A53E55B-FDA9-47C9-85C1-8E6AC0576216}"
EndProject
Project("{2150E333-8FDC-42A3-9474-1A3956D46DE8}") = "HQC", "HQC", "{02EA681E-C7D8-13C7-8484-4AC65E1B71E8}"
EndProject
Project("{2150E333-8FDC-42A3-9474-1A3956D46DE8}") = "08", "08", "{4F3B0B6B-F16D-4898-8950-14E096E3F070}"
EndProject
Project("{FAE04EC0-301F-11D3-BF4B-00C04F79EFBC}") = "Abstraction", "..\Abstraction\Abstraction.csproj", "{1CB11EB9-CB4C-4A3E-AE7D-444CB2252EA6}"
EndProject
Project("{2150E333-8FDC-42A3-9474-1A3956D46DE8}") = "07", "07", "{BD2C6D70-4D88-4BF9-9D90-CA57C2A7B8A5}"
EndProject
Project("{2150E333-8FDC-42A3-9474-1A3956D46DE8}") = "CohesionCoupling", "CohesionCoupling", "{75F1E955-01A8-4F72-B092-0335F720A703}"
EndProject
Project("{FAE04EC0-301F-11D3-BF4B-00C04F79EFBC}") = "CohesionCoupling", "..\CohesionCoupling\CohesionCoupling.csproj", "{C0AF1154-7E1D-4B05-B658-960E447500CA}"
EndProject
Project("{2150E333-8FDC-42A3-9474-1A3956D46DE8}") = "Abstractions", "Abstractions", "{98F86A71-36F7-4DD0-84EA-EBF9D2E0DDF2}"
EndProject
Project("{2150E333-8FDC-42A3-9474-1A3956D46DE8}") = "InheritancePolymorphism", "InheritancePolymorphism", "{B8A0CDF3-2DA1-41CD-BC3A-475D1E3F0C9C}"
EndProject
Project("{FAE04EC0-301F-11D3-BF4B-00C04F79EFBC}") = "InheritancePolymorphism", "..\InheritancePolymorphism\InheritancePolymorphism.csproj", "{D68BD63D-ADD7-4538-A378-569C698F24F1}"
EndProject
Global
	GlobalSection(SolutionConfigurationPlatforms) = preSolution
		Debug|Any CPU = Debug|Any CPU
		Release|Any CPU = Release|Any CPU
	EndGlobalSection
	GlobalSection(ProjectConfigurationPlatforms) = postSolution
		{7A53E55B-FDA9-47C9-85C1-8E6AC0576216}.Debug|Any CPU.ActiveCfg = Debug|Any CPU
		{7A53E55B-FDA9-47C9-85C1-8E6AC0576216}.Debug|Any CPU.Build.0 = Debug|Any CPU
		{7A53E55B-FDA9-47C9-85C1-8E6AC0576216}.Release|Any CPU.ActiveCfg = Release|Any CPU
		{7A53E55B-FDA9-47C9-85C1-8E6AC0576216}.Release|Any CPU.Build.0 = Release|Any CPU
		{1CB11EB9-CB4C-4A3E-AE7D-444CB2252EA6}.Debug|Any CPU.ActiveCfg = Debug|Any CPU
		{1CB11EB9-CB4C-4A3E-AE7D-444CB2252EA6}.Debug|Any CPU.Build.0 = Debug|Any CPU
		{1CB11EB9-CB4C-4A3E-AE7D-444CB2252EA6}.Release|Any CPU.ActiveCfg = Release|Any CPU
		{1CB11EB9-CB4C-4A3E-AE7D-444CB2252EA6}.Release|Any CPU.Build.0 = Release|Any CPU
		{C0AF1154-7E1D-4B05-B658-960E447500CA}.Debug|Any CPU.ActiveCfg = Debug|Any CPU
		{C0AF1154-7E1D-4B05-B658-960E447500CA}.Debug|Any CPU.Build.0 = Debug|Any CPU
		{C0AF1154-7E1D-4B05-B658-960E447500CA}.Release|Any CPU.ActiveCfg = Release|Any CPU
		{C0AF1154-7E1D-4B05-B658-960E447500CA}.Release|Any CPU.Build.0 = Release|Any CPU
		{D68BD63D-ADD7-4538-A378-569C698F24F1}.Debug|Any CPU.ActiveCfg = Debug|Any CPU
		{D68BD63D-ADD7-4538-A378-569C698F24F1}.Debug|Any CPU.Build.0 = Debug|Any CPU
		{D68BD63D-ADD7-4538-A378-569C698F24F1}.Release|Any CPU.ActiveCfg = Release|Any CPU
		{D68BD63D-ADD7-4538-A378-569C698F24F1}.Release|Any CPU.Build.0 = Release|Any CPU
	EndGlobalSection
	GlobalSection(SolutionProperties) = preSolution
		HideSolutionNode = FALSE
	EndGlobalSection
	GlobalSection(NestedProjects) = preSolution
		{4F3B0B6B-F16D-4898-8950-14E096E3F070} = {02EA681E-C7D8-13C7-8484-4AC65E1B71E8}
		{1CB11EB9-CB4C-4A3E-AE7D-444CB2252EA6} = {98F86A71-36F7-4DD0-84EA-EBF9D2E0DDF2}
		{BD2C6D70-4D88-4BF9-9D90-CA57C2A7B8A5} = {02EA681E-C7D8-13C7-8484-4AC65E1B71E8}
		{75F1E955-01A8-4F72-B092-0335F720A703} = {4F3B0B6B-F16D-4898-8950-14E096E3F070}
		{C0AF1154-7E1D-4B05-B658-960E447500CA} = {75F1E955-01A8-4F72-B092-0335F720A703}
		{98F86A71-36F7-4DD0-84EA-EBF9D2E0DDF2} = {4F3B0B6B-F16D-4898-8950-14E096E3F070}
		{B8A0CDF3-2DA1-41CD-BC3A-475D1E3F0C9C} = {4F3B0B6B-F16D-4898-8950-14E096E3F070}
		{D68BD63D-ADD7-4538-A378-569C698F24F1} = {B8A0CDF3-2DA1-41CD-BC3A-475D1E3F0C9C}
	EndGlobalSection
	GlobalSection(ExtensibilityGlobals) = postSolution
		SolutionGuid = {B4AB4DF1-38A2-4958-890F-44AE88D51F65}
	EndGlobalSection
EndGlobal
